// !$*UTF8*$!
{
	archiveVersion = 1;
	classes = {
	};
	objectVersion = 46;
	objects = {

/* Begin PBXBuildFile section */
		5081EC4D15D386A400668685 /* Foundation.framework in Frameworks */ = {isa = PBXBuildFile; fileRef = 5081EC4C15D386A400668685 /* Foundation.framework */; };
		5081EC5215D386A400668685 /* pxl.h in CopyFiles */ = {isa = PBXBuildFile; fileRef = 5081EC5115D386A400668685 /* pxl.h */; };
		5081EC5415D386A400668685 /* pxl.m in Sources */ = {isa = PBXBuildFile; fileRef = 5081EC5315D386A400668685 /* pxl.m */; };
/* End PBXBuildFile section */

/* Begin PBXCopyFilesBuildPhase section */
		5081EC4715D386A400668685 /* CopyFiles */ = {
			isa = PBXCopyFilesBuildPhase;
			buildActionMask = 2147483647;
			dstPath = "include/${PRODUCT_NAME}";
			dstSubfolderSpec = 16;
			files = (
				5081EC5215D386A400668685 /* pxl.h in CopyFiles */,
			);
			runOnlyForDeploymentPostprocessing = 0;
		};
/* End PBXCopyFilesBuildPhase section */

/* Begin PBXFileReference section */
		5081EC4915D386A400668685 /* libpxl.a */ = {isa = PBXFileReference; explicitFileType = archive.ar; includeInIndex = 0; path = libpxl.a; sourceTree = BUILT_PRODUCTS_DIR; };
		5081EC4C15D386A400668685 /* Foundation.framework */ = {isa = PBXFileReference; lastKnownFileType = wrapper.framework; name = Foundation.framework; path = System/Library/Frameworks/Foundation.framework; sourceTree = SDKROOT; };
		5081EC5015D386A400668685 /* pxl-Prefix.pch */ = {isa = PBXFileReference; lastKnownFileType = sourcecode.c.h; path = "pxl-Prefix.pch"; sourceTree = "<group>"; };
		5081EC5115D386A400668685 /* pxl.h */ = {isa = PBXFileReference; lastKnownFileType = sourcecode.c.h; path = pxl.h; sourceTree = "<group>"; };
		5081EC5315D386A400668685 /* pxl.m */ = {isa = PBXFileReference; lastKnownFileType = sourcecode.c.objc; path = pxl.m; sourceTree = "<group>"; };
/* End PBXFileReference section */

/* Begin PBXFrameworksBuildPhase section */
		5081EC4615D386A400668685 /* Frameworks */ = {
			isa = PBXFrameworksBuildPhase;
			buildActionMask = 2147483647;
			files = (
				5081EC4D15D386A400668685 /* Foundation.framework in Frameworks */,
			);
			runOnlyForDeploymentPostprocessing = 0;
		};
/* End PBXFrameworksBuildPhase section */

/* Begin PBXGroup section */
		5081EC3E15D386A400668685 = {
			isa = PBXGroup;
			children = (
				5081EC4E15D386A400668685 /* pxl */,
				5081EC4B15D386A400668685 /* Frameworks */,
				5081EC4A15D386A400668685 /* Products */,
			);
			sourceTree = "<group>";
		};
		5081EC4A15D386A400668685 /* Products */ = {
			isa = PBXGroup;
			children = (
				5081EC4915D386A400668685 /* libpxl.a */,
			);
			name = Products;
			sourceTree = "<group>";
		};
		5081EC4B15D386A400668685 /* Frameworks */ = {
			isa = PBXGroup;
			children = (
				5081EC4C15D386A400668685 /* Foundation.framework */,
			);
			name = Frameworks;
			sourceTree = "<group>";
		};
		5081EC4E15D386A400668685 /* pxl */ = {
			isa = PBXGroup;
			children = (
				5081EC5115D386A400668685 /* pxl.h */,
				5081EC5315D386A400668685 /* pxl.m */,
				5081EC4F15D386A400668685 /* Supporting Files */,
			);
			path = pxl;
			sourceTree = "<group>";
		};
		5081EC4F15D386A400668685 /* Supporting Files */ = {
			isa = PBXGroup;
			children = (
				5081EC5015D386A400668685 /* pxl-Prefix.pch */,
			);
			name = "Supporting Files";
			sourceTree = "<group>";
		};
/* End PBXGroup section */

/* Begin PBXNativeTarget section */
		5081EC4815D386A400668685 /* pxl */ = {
			isa = PBXNativeTarget;
			buildConfigurationList = 5081EC5715D386A400668685 /* Build configuration list for PBXNativeTarget "pxl" */;
			buildPhases = (
				5081EC4515D386A400668685 /* Sources */,
				5081EC4615D386A400668685 /* Frameworks */,
				5081EC4715D386A400668685 /* CopyFiles */,
			);
			buildRules = (
			);
			dependencies = (
			);
			name = pxl;
			productName = pxl;
			productReference = 5081EC4915D386A400668685 /* libpxl.a */;
			productType = "com.apple.product-type.library.static";
		};
/* End PBXNativeTarget section */

/* Begin PBXProject section */
		5081EC4015D386A400668685 /* Project object */ = {
			isa = PBXProject;
			attributes = {
				LastUpgradeCheck = 0440;
				ORGANIZATIONNAME = ontehing;
			};
			buildConfigurationList = 5081EC4315D386A400668685 /* Build configuration list for PBXProject "pxl" */;
			compatibilityVersion = "Xcode 3.2";
			developmentRegion = English;
			hasScannedForEncodings = 0;
			knownRegions = (
				en,
			);
			mainGroup = 5081EC3E15D386A400668685;
			productRefGroup = 5081EC4A15D386A400668685 /* Products */;
			projectDirPath = "";
			projectRoot = "";
			targets = (
				5081EC4815D386A400668685 /* pxl */,
			);
		};
/* End PBXProject section */

/* Begin PBXSourcesBuildPhase section */
		5081EC4515D386A400668685 /* Sources */ = {
			isa = PBXSourcesBuildPhase;
			buildActionMask = 2147483647;
			files = (
				5081EC5415D386A400668685 /* pxl.m in Sources */,
			);
			runOnlyForDeploymentPostprocessing = 0;
		};
/* End PBXSourcesBuildPhase section */

/* Begin XCBuildConfiguration section */
		5081EC5515D386A400668685 /* Debug */ = {
			isa = XCBuildConfiguration;
			buildSettings = {
				ALWAYS_SEARCH_USER_PATHS = NO;
				ARCHS = "$(ARCHS_STANDARD_32_BIT)";
				CLANG_CXX_LANGUAGE_STANDARD = "gnu++0x";
				CLANG_ENABLE_OBJC_ARC = YES;
				CLANG_WARN__DUPLICATE_METHOD_MATCH = YES;
				COPY_PHASE_STRIP = NO;
				GCC_C_LANGUAGE_STANDARD = gnu99;
				GCC_DYNAMIC_NO_PIC = NO;
				GCC_OPTIMIZATION_LEVEL = 0;
				GCC_PREPROCESSOR_DEFINITIONS = (
					"DEBUG=1",
					"$(inherited)",
				);
				GCC_SYMBOLS_PRIVATE_EXTERN = NO;
				GCC_VERSION = com.apple.compilers.llvm.clang.1_0;
				GCC_WARN_ABOUT_RETURN_TYPE = YES;
				GCC_WARN_UNINITIALIZED_AUTOS = YES;
				GCC_WARN_UNUSED_VARIABLE = YES;
				IPHONEOS_DEPLOYMENT_TARGET = 5.1;
				SDKROOT = iphoneos;
			};
			name = Debug;
		};
		5081EC5615D386A400668685 /* Release */ = {
			isa = XCBuildConfiguration;
			buildSettings = {
				ALWAYS_SEARCH_USER_PATHS = NO;
				ARCHS = "$(ARCHS_STANDARD_32_BIT)";
				CLANG_CXX_LANGUAGE_STANDARD = "gnu++0x";
				CLANG_ENABLE_OBJC_ARC = YES;
				CLANG_WARN__DUPLICATE_METHOD_MATCH = YES;
				COPY_PHASE_STRIP = YES;
				GCC_C_LANGUAGE_STANDARD = gnu99;
				GCC_VERSION = com.apple.compilers.llvm.clang.1_0;
				GCC_WARN_ABOUT_RETURN_TYPE = YES;
				GCC_WARN_UNINITIALIZED_AUTOS = YES;
				GCC_WARN_UNUSED_VARIABLE = YES;
				IPHONEOS_DEPLOYMENT_TARGET = 5.1;
				SDKROOT = iphoneos;
				VALIDATE_PRODUCT = YES;
			};
			name = Release;
		};
		5081EC5815D386A400668685 /* Debug */ = {
			isa = XCBuildConfiguration;
			buildSettings = {
				DSTROOT = /tmp/pxl.dst;
				GCC_PRECOMPILE_PREFIX_HEADER = YES;
				GCC_PREFIX_HEADER = "pxl/pxl-Prefix.pch";
				OTHER_LDFLAGS = "-ObjC";
				PRODUCT_NAME = "$(TARGET_NAME)";
				SKIP_INSTALL = YES;
			};
			name = Debug;
		};
		5081EC5915D386A400668685 /* Release */ = {
			isa = XCBuildConfiguration;
			buildSettings = {
				DSTROOT = /tmp/pxl.dst;
				GCC_PRECOMPILE_PREFIX_HEADER = YES;
				GCC_PREFIX_HEADER = "pxl/pxl-Prefix.pch";
				OTHER_LDFLAGS = "-ObjC";
				PRODUCT_NAME = "$(TARGET_NAME)";
				SKIP_INSTALL = YES;
			};
			name = Release;
		};
/* End XCBuildConfiguration section */

/* Begin XCConfigurationList section */
		5081EC4315D386A400668685 /* Build configuration list for PBXProject "pxl" */ = {
			isa = XCConfigurationList;
			buildConfigurations = (
				5081EC5515D386A400668685 /* Debug */,
				5081EC5615D386A400668685 /* Release */,
			);
			defaultConfigurationIsVisible = 0;
			defaultConfigurationName = Release;
		};
		5081EC5715D386A400668685 /* Build configuration list for PBXNativeTarget "pxl" */ = {
			isa = XCConfigurationList;
			buildConfigurations = (
				5081EC5815D386A400668685 /* Debug */,
				5081EC5915D386A400668685 /* Release */,
			);
			defaultConfigurationIsVisible = 0;
		};
/* End XCConfigurationList section */
	};
	rootObject = 5081EC4015D386A400668685 /* Project object */;
}
